
Microsoft Visual Studio Solution File, Format Version 12.00
# Visual Studio Version 17
VisualStudioVersion = 17.10.34928.147
MinimumVisualStudioVersion = 10.0.40219.1
Project("{FAE04EC0-301F-11D3-BF4B-00C04F79EFBC}") = "Nonny-E-Learning-Platform", "Nonny-E-Learning-Platform\Nonny-E-Learning-Platform.csproj", "{DED1B590-1083-41BF-8CDA-6DC6859502B2}"
EndProject
Project("{FAE04EC0-301F-11D3-BF4B-00C04F79EFBC}") = "NonnyE-Learning.Data", "NonnyE-Learning.Data\NonnyE-Learning.Data.csproj", "{0666543B-A1AE-4AD9-9568-9CCB5DD202D7}"
EndProject
Project("{FAE04EC0-301F-11D3-BF4B-00C04F79EFBC}") = "NonnyE-Learning.Business", "NonnyE-Learning.Business\NonnyE-Learning.Business.csproj", "{74B5E03D-B489-426A-8A57-CF6314610EFE}"
EndProject
Project("{FAE04EC0-301F-11D3-BF4B-00C04F79EFBC}") = "Nonny-E-Learning.Test", "Nonny-E-Learning.Test\Nonny-E-Learning.Test.csproj", "{F86F4EF9-058E-4E2E-B336-798B772C0C37}"
EndProject
Global
	GlobalSection(SolutionConfigurationPlatforms) = preSolution
		Debug|Any CPU = Debug|Any CPU
		Release|Any CPU = Release|Any CPU
	EndGlobalSection
	GlobalSection(ProjectConfigurationPlatforms) = postSolution
		{DED1B590-1083-41BF-8CDA-6DC6859502B2}.Debug|Any CPU.ActiveCfg = Debug|Any CPU
		{DED1B590-1083-41BF-8CDA-6DC6859502B2}.Debug|Any CPU.Build.0 = Debug|Any CPU
		{DED1B590-1083-41BF-8CDA-6DC6859502B2}.Release|Any CPU.ActiveCfg = Release|Any CPU
		{DED1B590-1083-41BF-8CDA-6DC6859502B2}.Release|Any CPU.Build.0 = Release|Any CPU
		{0666543B-A1AE-4AD9-9568-9CCB5DD202D7}.Debug|Any CPU.ActiveCfg = Debug|Any CPU
		{0666543B-A1AE-4AD9-9568-9CCB5DD202D7}.Debug|Any CPU.Build.0 = Debug|Any CPU
		{0666543B-A1AE-4AD9-9568-9CCB5DD202D7}.Release|Any CPU.ActiveCfg = Release|Any CPU
		{0666543B-A1AE-4AD9-9568-9CCB5DD202D7}.Release|Any CPU.Build.0 = Release|Any CPU
		{74B5E03D-B489-426A-8A57-CF6314610EFE}.Debug|Any CPU.ActiveCfg = Debug|Any CPU
		{74B5E03D-B489-426A-8A57-CF6314610EFE}.Debug|Any CPU.Build.0 = Debug|Any CPU
		{74B5E03D-B489-426A-8A57-CF6314610EFE}.Release|Any CPU.ActiveCfg = Release|Any CPU
		{74B5E03D-B489-426A-8A57-CF6314610EFE}.Release|Any CPU.Build.0 = Release|Any CPU
		{F86F4EF9-058E-4E2E-B336-798B772C0C37}.Debug|Any CPU.ActiveCfg = Debug|Any CPU
		{F86F4EF9-058E-4E2E-B336-798B772C0C37}.Debug|Any CPU.Build.0 = Debug|Any CPU
		{F86F4EF9-058E-4E2E-B336-798B772C0C37}.Release|Any CPU.ActiveCfg = Release|Any CPU
		{F86F4EF9-058E-4E2E-B336-798B772C0C37}.Release|Any CPU.Build.0 = Release|Any CPU
	EndGlobalSection
	GlobalSection(SolutionProperties) = preSolution
		HideSolutionNode = FALSE
	EndGlobalSection
	GlobalSection(ExtensibilityGlobals) = postSolution
		SolutionGuid = {1E6361B5-79D4-4AB8-8F23-04899BFD266E}
	EndGlobalSection
EndGlobal
